
Microsoft Visual Studio Solution File, Format Version 12.00
# Visual Studio Version 17
VisualStudioVersion = 17.1.32328.378
MinimumVisualStudioVersion = 10.0.40219.1
Project("{2150E333-8FDC-42A3-9474-1A3956D46DE8}") = "Solution Items", "Solution Items", "{8C321C71-3D6F-4131-A70E-8AE29BB5B448}"
	ProjectSection(SolutionItems) = preProject
		Koala.snk = Koala.snk
		LICENSE = LICENSE
		README.md = README.md
	EndProjectSection
EndProject
Project("{9A19103F-16F7-4668-BE54-9A1E7A4F7556}") = "Koala.Newtonsoft.Json", "src\Koala.Newtonsoft.Json\Koala.Newtonsoft.Json.csproj", "{2B718EDC-BB1F-4480-BFA4-6C965A36CFCF}"
EndProject
Project("{9A19103F-16F7-4668-BE54-9A1E7A4F7556}") = "UnitTests", "src\UnitTests\UnitTests.csproj", "{E3FFE614-4AAB-4441-990C-D99C186048D0}"
EndProject
Global
	GlobalSection(SolutionConfigurationPlatforms) = preSolution
		Debug|Any CPU = Debug|Any CPU
		Debug|x64 = Debug|x64
		Release|Any CPU = Release|Any CPU
		Release|x64 = Release|x64
	EndGlobalSection
	GlobalSection(ProjectConfigurationPlatforms) = postSolution
		{2B718EDC-BB1F-4480-BFA4-6C965A36CFCF}.Debug|Any CPU.ActiveCfg = Debug|Any CPU
		{2B718EDC-BB1F-4480-BFA4-6C965A36CFCF}.Debug|Any CPU.Build.0 = Debug|Any CPU
		{2B718EDC-BB1F-4480-BFA4-6C965A36CFCF}.Debug|x64.ActiveCfg = Debug|x64
		{2B718EDC-BB1F-4480-BFA4-6C965A36CFCF}.Debug|x64.Build.0 = Debug|x64
		{2B718EDC-BB1F-4480-BFA4-6C965A36CFCF}.Release|Any CPU.ActiveCfg = Release|Any CPU
		{2B718EDC-BB1F-4480-BFA4-6C965A36CFCF}.Release|Any CPU.Build.0 = Release|Any CPU
		{2B718EDC-BB1F-4480-BFA4-6C965A36CFCF}.Release|x64.ActiveCfg = Release|x64
		{2B718EDC-BB1F-4480-BFA4-6C965A36CFCF}.Release|x64.Build.0 = Release|x64
		{E3FFE614-4AAB-4441-990C-D99C186048D0}.Debug|Any CPU.ActiveCfg = Debug|Any CPU
		{E3FFE614-4AAB-4441-990C-D99C186048D0}.Debug|Any CPU.Build.0 = Debug|Any CPU
		{E3FFE614-4AAB-4441-990C-D99C186048D0}.Debug|x64.ActiveCfg = Debug|Any CPU
		{E3FFE614-4AAB-4441-990C-D99C186048D0}.Debug|x64.Build.0 = Debug|Any CPU
		{E3FFE614-4AAB-4441-990C-D99C186048D0}.Release|Any CPU.ActiveCfg = Release|Any CPU
		{E3FFE614-4AAB-4441-990C-D99C186048D0}.Release|Any CPU.Build.0 = Release|Any CPU
		{E3FFE614-4AAB-4441-990C-D99C186048D0}.Release|x64.ActiveCfg = Release|Any CPU
		{E3FFE614-4AAB-4441-990C-D99C186048D0}.Release|x64.Build.0 = Release|Any CPU
	EndGlobalSection
	GlobalSection(SolutionProperties) = preSolution
		HideSolutionNode = FALSE
	EndGlobalSection
	GlobalSection(ExtensibilityGlobals) = postSolution
		SolutionGuid = {B14EE6E1-3329-43EA-A0BA-9DE9FD900E4E}
	EndGlobalSection
EndGlobal
